
Microsoft Visual Studio Solution File, Format Version 12.00
# Visual Studio Version 17
VisualStudioVersion = 17.0.31919.166
MinimumVisualStudioVersion = 10.0.40219.1
Project("{FAE04EC0-301F-11D3-BF4B-00C04F79EFBC}") = "Test.Host", "Test.Host\Test.Host.csproj", "{4E4D48EF-5EE3-4E2D-8E36-397330537029}"
EndProject
Global
	GlobalSection(SolutionConfigurationPlatforms) = preSolution
		Debug|Any CPU = Debug|Any CPU
		Release|Any CPU = Release|Any CPU
	EndGlobalSection
	GlobalSection(ProjectConfigurationPlatforms) = postSolution
		{4E4D48EF-5EE3-4E2D-8E36-397330537029}.Debug|Any CPU.ActiveCfg = Debug|Any CPU
		{4E4D48EF-5EE3-4E2D-8E36-397330537029}.Debug|Any CPU.Build.0 = Debug|Any CPU
		{4E4D48EF-5EE3-4E2D-8E36-397330537029}.Release|Any CPU.ActiveCfg = Release|Any CPU
		{4E4D48EF-5EE3-4E2D-8E36-397330537029}.Release|Any CPU.Build.0 = Release|Any CPU
	EndGlobalSection
	GlobalSection(SolutionProperties) = preSolution
		HideSolutionNode = FALSE
	EndGlobalSection
	GlobalSection(ExtensibilityGlobals) = postSolution
		SolutionGuid = {F9830CCE-F0C0-4C14-8375-9A4D3093FF31}
	EndGlobalSection
EndGlobal
